
Microsoft Visual Studio Solution File, Format Version 12.00
# Visual Studio 14
VisualStudioVersion = 14.0.24720.0
MinimumVisualStudioVersion = 10.0.40219.1
Project("{FAE04EC0-301F-11D3-BF4B-00C04F79EFBC}") = "FieldEngineerLite.iOS", "FieldEngineerLite.iOS\FieldEngineerLite.iOS.csproj", "{59A5B44A-F4EC-4468-8695-BC5F2846F9CE}"
EndProject
Project("{FAE04EC0-301F-11D3-BF4B-00C04F79EFBC}") = "FieldEngineerLite.Android", "FieldEngineerLite.Android\FieldEngineerLite.Android.csproj", "{BDFAB9D7-F1A2-401D-8260-9F593AD288C6}"
EndProject
Project("{D954291E-2A0B-460D-934E-DC6B0785DB48}") = "FieldEngineerLite", "FieldEngineerLite\FieldEngineerLite.shproj", "{F1003602-A8B5-4DC9-B601-99711543FF2E}"
EndProject
Global
	GlobalSection(SharedMSBuildProjectFiles) = preSolution
		FieldEngineerLite\FieldEngineerLite.projitems*{f1003602-a8b5-4dc9-b601-99711543ff2e}*SharedItemsImports = 13
		FieldEngineerLite\FieldEngineerLite.projitems*{bdfab9d7-f1a2-401d-8260-9f593ad288c6}*SharedItemsImports = 4
		FieldEngineerLite\FieldEngineerLite.projitems*{59a5b44a-f4ec-4468-8695-bc5f2846f9ce}*SharedItemsImports = 4
	EndGlobalSection
	GlobalSection(SolutionConfigurationPlatforms) = preSolution
		Debug|iPhone Simulator = Debug|iPhone Simulator
		Debug|Mixed Platforms = Debug|Mixed Platforms
		Release|iPhone Simulator = Release|iPhone Simulator
		Release|Mixed Platforms = Release|Mixed Platforms
	EndGlobalSection
	GlobalSection(ProjectConfigurationPlatforms) = postSolution
		{59A5B44A-F4EC-4468-8695-BC5F2846F9CE}.Debug|iPhone Simulator.ActiveCfg = Debug|iPhoneSimulator
		{59A5B44A-F4EC-4468-8695-BC5F2846F9CE}.Debug|iPhone Simulator.Build.0 = Debug|iPhoneSimulator
		{59A5B44A-F4EC-4468-8695-BC5F2846F9CE}.Debug|Mixed Platforms.ActiveCfg = Debug|iPhone
		{59A5B44A-F4EC-4468-8695-BC5F2846F9CE}.Debug|Mixed Platforms.Build.0 = Debug|iPhone
		{59A5B44A-F4EC-4468-8695-BC5F2846F9CE}.Release|iPhone Simulator.ActiveCfg = Release|iPhoneSimulator
		{59A5B44A-F4EC-4468-8695-BC5F2846F9CE}.Release|iPhone Simulator.Build.0 = Release|iPhoneSimulator
		{59A5B44A-F4EC-4468-8695-BC5F2846F9CE}.Release|Mixed Platforms.ActiveCfg = Release|iPhoneSimulator
		{59A5B44A-F4EC-4468-8695-BC5F2846F9CE}.Release|Mixed Platforms.Build.0 = Release|iPhoneSimulator
		{BDFAB9D7-F1A2-401D-8260-9F593AD288C6}.Debug|iPhone Simulator.ActiveCfg = Debug|Any CPU
		{BDFAB9D7-F1A2-401D-8260-9F593AD288C6}.Debug|Mixed Platforms.ActiveCfg = Debug|Any CPU
		{BDFAB9D7-F1A2-401D-8260-9F593AD288C6}.Debug|Mixed Platforms.Build.0 = Debug|Any CPU
		{BDFAB9D7-F1A2-401D-8260-9F593AD288C6}.Debug|Mixed Platforms.Deploy.0 = Debug|Any CPU
		{BDFAB9D7-F1A2-401D-8260-9F593AD288C6}.Release|iPhone Simulator.ActiveCfg = Release|Any CPU
		{BDFAB9D7-F1A2-401D-8260-9F593AD288C6}.Release|Mixed Platforms.ActiveCfg = Release|Any CPU
		{BDFAB9D7-F1A2-401D-8260-9F593AD288C6}.Release|Mixed Platforms.Build.0 = Release|Any CPU
		{BDFAB9D7-F1A2-401D-8260-9F593AD288C6}.Release|Mixed Platforms.Deploy.0 = Release|Any CPU
	EndGlobalSection
	GlobalSection(SolutionProperties) = preSolution
		HideSolutionNode = FALSE
	EndGlobalSection
	GlobalSection(MonoDevelopProperties) = preSolution
		Policies = $0
		$0.TextStylePolicy = $28
		$1.FileWidth = 120
		$1.RemoveTrailingWhitespace = False
		$1.NoTabsAfterNonTabs = True
		$1.inheritsSet = VisualStudio
		$1.inheritsScope = text/plain
		$1.scope = text/x-csharp
		$0.CSharpFormattingPolicy = $2
		$2.BeforeMethodDeclarationParentheses = False
		$2.BeforeMethodCallParentheses = False
		$2.BeforeConstructorDeclarationParentheses = False
		$2.BeforeDelegateDeclarationParentheses = False
		$2.AfterDelegateDeclarationParameterComma = True
		$2.NewParentheses = False
		$2.CatchParentheses = False
		$2.SwitchParentheses = False
		$2.SpacesBeforeBrackets = False
		$2.inheritsSet = Mono
		$2.inheritsScope = text/x-csharp
		$2.scope = text/x-csharp
		$0.StandardHeader = $3
		$3.Text = 
		$3.IncludeInNewFiles = True
		$0.NameConventionPolicy = $4
		$4.Rules = $5
		$5.NamingRule = $25
		$6.Name = Namespaces
		$6.AffectedEntity = Namespace
		$6.VisibilityMask = VisibilityMask
		$6.NamingStyle = PascalCase
		$6.IncludeInstanceMembers = True
		$6.IncludeStaticEntities = True
		$7.Name = Types
		$7.AffectedEntity = Class, Struct, Enum, Delegate
		$7.VisibilityMask = Public
		$7.NamingStyle = PascalCase
		$7.IncludeInstanceMembers = True
		$7.IncludeStaticEntities = True
		$8.Name = Interfaces
		$8.RequiredPrefixes = $9
		$9.String = I
		$8.AffectedEntity = Interface
		$8.VisibilityMask = Public
		$8.NamingStyle = PascalCase
		$8.IncludeInstanceMembers = True
		$8.IncludeStaticEntities = True
		$10.Name = Attributes
		$10.RequiredSuffixes = $11
		$11.String = Attribute
		$10.AffectedEntity = CustomAttributes
		$10.VisibilityMask = Public
		$10.NamingStyle = PascalCase
		$10.IncludeInstanceMembers = True
		$10.IncludeStaticEntities = True
		$12.Name = Event Arguments
		$12.RequiredSuffixes = $13
		$13.String = EventArgs
		$12.AffectedEntity = CustomEventArgs
		$12.VisibilityMask = Public
		$12.NamingStyle = PascalCase
		$12.IncludeInstanceMembers = True
		$12.IncludeStaticEntities = True
		$14.Name = Exceptions
		$14.RequiredSuffixes = $15
		$15.String = Exception
		$14.AffectedEntity = CustomExceptions
		$14.VisibilityMask = VisibilityMask
		$14.NamingStyle = PascalCase
		$14.IncludeInstanceMembers = True
		$14.IncludeStaticEntities = True
		$16.Name = Methods
		$16.AffectedEntity = Methods
		$16.VisibilityMask = Protected, Public
		$16.NamingStyle = PascalCase
		$16.IncludeInstanceMembers = True
		$16.IncludeStaticEntities = True
		$17.Name = Static Readonly Fields
		$17.AffectedEntity = ReadonlyField
		$17.VisibilityMask = Protected, Public
		$17.NamingStyle = PascalCase
		$17.IncludeInstanceMembers = False
		$17.IncludeStaticEntities = True
		$18.Name = Fields
		$18.AffectedEntity = Field
		$18.VisibilityMask = Protected, Public
		$18.NamingStyle = PascalCase
		$18.IncludeInstanceMembers = True
		$18.IncludeStaticEntities = True
		$19.Name = ReadOnly Fields
		$19.AffectedEntity = ReadonlyField
		$19.VisibilityMask = Protected, Public
		$19.NamingStyle = PascalCase
		$19.IncludeInstanceMembers = True
		$19.IncludeStaticEntities = False
		$20.Name = Constant Fields
		$20.AffectedEntity = ConstantField
		$20.VisibilityMask = Protected, Public
		$20.NamingStyle = PascalCase
		$20.IncludeInstanceMembers = True
		$20.IncludeStaticEntities = True
		$21.Name = Properties
		$21.AffectedEntity = Property
		$21.VisibilityMask = Protected, Public
		$21.NamingStyle = PascalCase
		$21.IncludeInstanceMembers = True
		$21.IncludeStaticEntities = True
		$22.Name = Events
		$22.AffectedEntity = Event
		$22.VisibilityMask = Protected, Public
		$22.NamingStyle = PascalCase
		$22.IncludeInstanceMembers = True
		$22.IncludeStaticEntities = True
		$23.Name = Enum Members
		$23.AffectedEntity = EnumMember
		$23.VisibilityMask = VisibilityMask
		$23.NamingStyle = PascalCase
		$23.IncludeInstanceMembers = True
		$23.IncludeStaticEntities = True
		$24.Name = Parameters
		$24.AffectedEntity = Parameter
		$24.VisibilityMask = VisibilityMask
		$24.NamingStyle = CamelCase
		$24.IncludeInstanceMembers = True
		$24.IncludeStaticEntities = True
		$25.Name = Type Parameters
		$25.RequiredPrefixes = $26
		$26.String = T
		$25.AffectedEntity = TypeParameter
		$25.VisibilityMask = VisibilityMask
		$25.NamingStyle = PascalCase
		$25.IncludeInstanceMembers = True
		$25.IncludeStaticEntities = True
		$27.FileWidth = 120
		$27.TabsToSpaces = False
		$27.inheritsSet = VisualStudio
		$27.inheritsScope = text/plain
		$27.scope = text/plain
		$28.inheritsSet = null
		$28.scope = application/config+xml
		$0.XmlFormattingPolicy = $29
		$29.inheritsSet = null
		$29.scope = application/config+xml
	EndGlobalSection
EndGlobal
